// !$*UTF8*$!
{
	archiveVersion = 1;
	classes = {
	};
	objectVersion = 50;
	objects = {

/* Begin PBXBuildFile section */
		8C104D1A24B4805100C04DA2 /* AppDelegate.swift in Sources */ = {isa = PBXBuildFile; fileRef = 8C104D1924B4805100C04DA2 /* AppDelegate.swift */; };
		8C104D1C24B4805100C04DA2 /* SceneDelegate.swift in Sources */ = {isa = PBXBuildFile; fileRef = 8C104D1B24B4805100C04DA2 /* SceneDelegate.swift */; };
		8C104D1E24B4805100C04DA2 /* ViewController.swift in Sources */ = {isa = PBXBuildFile; fileRef = 8C104D1D24B4805100C04DA2 /* ViewController.swift */; };
		8C104D2124B4805100C04DA2 /* Main.storyboard in Resources */ = {isa = PBXBuildFile; fileRef = 8C104D1F24B4805100C04DA2 /* Main.storyboard */; };
		8C104D2424B4805100C04DA2 /* OCR.xcdatamodeld in Sources */ = {isa = PBXBuildFile; fileRef = 8C104D2224B4805100C04DA2 /* OCR.xcdatamodeld */; };
		8C104D2624B4805300C04DA2 /* Assets.xcassets in Resources */ = {isa = PBXBuildFile; fileRef = 8C104D2524B4805300C04DA2 /* Assets.xcassets */; };
		8C104D2924B4805300C04DA2 /* LaunchScreen.storyboard in Resources */ = {isa = PBXBuildFile; fileRef = 8C104D2724B4805300C04DA2 /* LaunchScreen.storyboard */; };
		8C44330924B8608B0073FED7 /* String+Extension.swift in Sources */ = {isa = PBXBuildFile; fileRef = 8C44330824B8608B0073FED7 /* String+Extension.swift */; };
		8C44330B24B860AA0073FED7 /* StringMetric.swift in Sources */ = {isa = PBXBuildFile; fileRef = 8C44330A24B860AA0073FED7 /* StringMetric.swift */; };
		8C5777F724C9376500A0C593 /* ScanViewController.swift in Sources */ = {isa = PBXBuildFile; fileRef = 8C5777F624C9376500A0C593 /* ScanViewController.swift */; };
/* End PBXBuildFile section */

/* Begin PBXFileReference section */
		8C104D1624B4805100C04DA2 /* OCR.app */ = {isa = PBXFileReference; explicitFileType = wrapper.application; includeInIndex = 0; path = OCR.app; sourceTree = BUILT_PRODUCTS_DIR; };
		8C104D1924B4805100C04DA2 /* AppDelegate.swift */ = {isa = PBXFileReference; lastKnownFileType = sourcecode.swift; path = AppDelegate.swift; sourceTree = "<group>"; };
		8C104D1B24B4805100C04DA2 /* SceneDelegate.swift */ = {isa = PBXFileReference; lastKnownFileType = sourcecode.swift; path = SceneDelegate.swift; sourceTree = "<group>"; };
		8C104D1D24B4805100C04DA2 /* ViewController.swift */ = {isa = PBXFileReference; lastKnownFileType = sourcecode.swift; path = ViewController.swift; sourceTree = "<group>"; };
		8C104D2024B4805100C04DA2 /* Base */ = {isa = PBXFileReference; lastKnownFileType = file.storyboard; name = Base; path = Base.lproj/Main.storyboard; sourceTree = "<group>"; };
		8C104D2324B4805100C04DA2 /* OCR.xcdatamodel */ = {isa = PBXFileReference; lastKnownFileType = wrapper.xcdatamodel; path = OCR.xcdatamodel; sourceTree = "<group>"; };
		8C104D2524B4805300C04DA2 /* Assets.xcassets */ = {isa = PBXFileReference; lastKnownFileType = folder.assetcatalog; path = Assets.xcassets; sourceTree = "<group>"; };
		8C104D2824B4805300C04DA2 /* Base */ = {isa = PBXFileReference; lastKnownFileType = file.storyboard; name = Base; path = Base.lproj/LaunchScreen.storyboard; sourceTree = "<group>"; };
		8C104D2A24B4805300C04DA2 /* Info.plist */ = {isa = PBXFileReference; lastKnownFileType = text.plist.xml; path = Info.plist; sourceTree = "<group>"; };
		8C44330824B8608B0073FED7 /* String+Extension.swift */ = {isa = PBXFileReference; lastKnownFileType = sourcecode.swift; path = "String+Extension.swift"; sourceTree = "<group>"; };
		8C44330A24B860AA0073FED7 /* StringMetric.swift */ = {isa = PBXFileReference; lastKnownFileType = sourcecode.swift; path = StringMetric.swift; sourceTree = "<group>"; };
		8C5777F624C9376500A0C593 /* ScanViewController.swift */ = {isa = PBXFileReference; lastKnownFileType = sourcecode.swift; path = ScanViewController.swift; sourceTree = "<group>"; };
/* End PBXFileReference section */

/* Begin PBXFrameworksBuildPhase section */
		8C104D1324B4805100C04DA2 /* Frameworks */ = {
			isa = PBXFrameworksBuildPhase;
			buildActionMask = 2147483647;
			files = (
			);
			runOnlyForDeploymentPostprocessing = 0;
		};
/* End PBXFrameworksBuildPhase section */

/* Begin PBXGroup section */
		8C104D0D24B4805100C04DA2 = {
			isa = PBXGroup;
			children = (
				8C104D1824B4805100C04DA2 /* OCR */,
				8C104D1724B4805100C04DA2 /* Products */,
			);
			sourceTree = "<group>";
		};
		8C104D1724B4805100C04DA2 /* Products */ = {
			isa = PBXGroup;
			children = (
				8C104D1624B4805100C04DA2 /* OCR.app */,
			);
			name = Products;
			sourceTree = "<group>";
		};
		8C104D1824B4805100C04DA2 /* OCR */ = {
			isa = PBXGroup;
			children = (
				8C104D1924B4805100C04DA2 /* AppDelegate.swift */,
				8C104D1B24B4805100C04DA2 /* SceneDelegate.swift */,
				8C104D1D24B4805100C04DA2 /* ViewController.swift */,
				8C104D1F24B4805100C04DA2 /* Main.storyboard */,
				8C104D2524B4805300C04DA2 /* Assets.xcassets */,
				8C104D2724B4805300C04DA2 /* LaunchScreen.storyboard */,
				8C104D2A24B4805300C04DA2 /* Info.plist */,
				8C104D2224B4805100C04DA2 /* OCR.xcdatamodeld */,
				8C44330824B8608B0073FED7 /* String+Extension.swift */,
				8C44330A24B860AA0073FED7 /* StringMetric.swift */,
				8C5777F624C9376500A0C593 /* ScanViewController.swift */,
			);
			path = OCR;
			sourceTree = "<group>";
		};
/* End PBXGroup section */

/* Begin PBXNativeTarget section */
		8C104D1524B4805100C04DA2 /* OCR */ = {
			isa = PBXNativeTarget;
			buildConfigurationList = 8C104D2D24B4805300C04DA2 /* Build configuration list for PBXNativeTarget "OCR" */;
			buildPhases = (
				8C104D1224B4805100C04DA2 /* Sources */,
				8C104D1324B4805100C04DA2 /* Frameworks */,
				8C104D1424B4805100C04DA2 /* Resources */,
			);
			buildRules = (
			);
			dependencies = (
			);
			name = OCR;
			productName = OCR;
			productReference = 8C104D1624B4805100C04DA2 /* OCR.app */;
			productType = "com.apple.product-type.application";
		};
/* End PBXNativeTarget section */

/* Begin PBXProject section */
		8C104D0E24B4805100C04DA2 /* Project object */ = {
			isa = PBXProject;
			attributes = {
				LastSwiftUpdateCheck = 1150;
				LastUpgradeCheck = 1150;
				ORGANIZATIONNAME = "Audhy Virabri Kressa";
				TargetAttributes = {
					8C104D1524B4805100C04DA2 = {
						CreatedOnToolsVersion = 11.5;
					};
				};
			};
			buildConfigurationList = 8C104D1124B4805100C04DA2 /* Build configuration list for PBXProject "OCR" */;
			compatibilityVersion = "Xcode 9.3";
			developmentRegion = en;
			hasScannedForEncodings = 0;
			knownRegions = (
				en,
				Base,
			);
			mainGroup = 8C104D0D24B4805100C04DA2;
			productRefGroup = 8C104D1724B4805100C04DA2 /* Products */;
			projectDirPath = "";
			projectRoot = "";
			targets = (
				8C104D1524B4805100C04DA2 /* OCR */,
			);
		};
/* End PBXProject section */

/* Begin PBXResourcesBuildPhase section */
		8C104D1424B4805100C04DA2 /* Resources */ = {
			isa = PBXResourcesBuildPhase;
			buildActionMask = 2147483647;
			files = (
				8C104D2924B4805300C04DA2 /* LaunchScreen.storyboard in Resources */,
				8C104D2624B4805300C04DA2 /* Assets.xcassets in Resources */,
				8C104D2124B4805100C04DA2 /* Main.storyboard in Resources */,
			);
			runOnlyForDeploymentPostprocessing = 0;
		};
/* End PBXResourcesBuildPhase section */

/* Begin PBXSourcesBuildPhase section */
		8C104D1224B4805100C04DA2 /* Sources */ = {
			isa = PBXSourcesBuildPhase;
			buildActionMask = 2147483647;
			files = (
				8C104D2424B4805100C04DA2 /* OCR.xcdatamodeld in Sources */,
				8C5777F724C9376500A0C593 /* ScanViewController.swift in Sources */,
				8C104D1E24B4805100C04DA2 /* ViewController.swift in Sources */,
				8C104D1A24B4805100C04DA2 /* AppDelegate.swift in Sources */,
				8C44330924B8608B0073FED7 /* String+Extension.swift in Sources */,
				8C44330B24B860AA0073FED7 /* StringMetric.swift in Sources */,
				8C104D1C24B4805100C04DA2 /* SceneDelegate.swift in Sources */,
			);
			runOnlyForDeploymentPostprocessing = 0;
		};
/* End PBXSourcesBuildPhase section */

/* Begin PBXVariantGroup section */
		8C104D1F24B4805100C04DA2 /* Main.storyboard */ = {
			isa = PBXVariantGroup;
			children = (
				8C104D2024B4805100C04DA2 /* Base */,
			);
			name = Main.storyboard;
			sourceTree = "<group>";
		};
		8C104D2724B4805300C04DA2 /* LaunchScreen.storyboard */ = {
			isa = PBXVariantGroup;
			children = (
				8C104D2824B4805300C04DA2 /* Base */,
			);
			name = LaunchScreen.storyboard;
			sourceTree = "<group>";
		};
/* End PBXVariantGroup section */

/* Begin XCBuildConfiguration section */
		8C104D2B24B4805300C04DA2 /* Debug */ = {
			isa = XCBuildConfiguration;
			buildSettings = {
				ALWAYS_SEARCH_USER_PATHS = NO;
				CLANG_ANALYZER_NONNULL = YES;
				CLANG_ANALYZER_NUMBER_OBJECT_CONVERSION = YES_AGGRESSIVE;
				CLANG_CXX_LANGUAGE_STANDARD = "gnu++14";
				CLANG_CXX_LIBRARY = "libc++";
				CLANG_ENABLE_MODULES = YES;
				CLANG_ENABLE_OBJC_ARC = YES;
				CLANG_ENABLE_OBJC_WEAK = YES;
				CLANG_WARN_BLOCK_CAPTURE_AUTORELEASING = YES;
				CLANG_WARN_BOOL_CONVERSION = YES;
				CLANG_WARN_COMMA = YES;
				CLANG_WARN_CONSTANT_CONVERSION = YES;
				CLANG_WARN_DEPRECATED_OBJC_IMPLEMENTATIONS = YES;
				CLANG_WARN_DIRECT_OBJC_ISA_USAGE = YES_ERROR;
				CLANG_WARN_DOCUMENTATION_COMMENTS = YES;
				CLANG_WARN_EMPTY_BODY = YES;
				CLANG_WARN_ENUM_CONVERSION = YES;
				CLANG_WARN_INFINITE_RECURSION = YES;
				CLANG_WARN_INT_CONVERSION = YES;
				CLANG_WARN_NON_LITERAL_NULL_CONVERSION = YES;
				CLANG_WARN_OBJC_IMPLICIT_RETAIN_SELF = YES;
				CLANG_WARN_OBJC_LITERAL_CONVERSION = YES;
				CLANG_WARN_OBJC_ROOT_CLASS = YES_ERROR;
				CLANG_WARN_RANGE_LOOP_ANALYSIS = YES;
				CLANG_WARN_STRICT_PROTOTYPES = YES;
				CLANG_WARN_SUSPICIOUS_MOVE = YES;
				CLANG_WARN_UNGUARDED_AVAILABILITY = YES_AGGRESSIVE;
				CLANG_WARN_UNREACHABLE_CODE = YES;
				CLANG_WARN__DUPLICATE_METHOD_MATCH = YES;
				COPY_PHASE_STRIP = NO;
				DEBUG_INFORMATION_FORMAT = dwarf;
				ENABLE_STRICT_OBJC_MSGSEND = YES;
				ENABLE_TESTABILITY = YES;
				GCC_C_LANGUAGE_STANDARD = gnu11;
				GCC_DYNAMIC_NO_PIC = NO;
				GCC_NO_COMMON_BLOCKS = YES;
				GCC_OPTIMIZATION_LEVEL = 0;
				GCC_PREPROCESSOR_DEFINITIONS = (
					"DEBUG=1",
					"$(inherited)",
				);
				GCC_WARN_64_TO_32_BIT_CONVERSION = YES;
				GCC_WARN_ABOUT_RETURN_TYPE = YES_ERROR;
				GCC_WARN_UNDECLARED_SELECTOR = YES;
				GCC_WARN_UNINITIALIZED_AUTOS = YES_AGGRESSIVE;
				GCC_WARN_UNUSED_FUNCTION = YES;
				GCC_WARN_UNUSED_VARIABLE = YES;
				IPHONEOS_DEPLOYMENT_TARGET = 13.5;
				MTL_ENABLE_DEBUG_INFO = INCLUDE_SOURCE;
				MTL_FAST_MATH = YES;
				ONLY_ACTIVE_ARCH = YES;
				SDKROOT = iphoneos;
				SWIFT_ACTIVE_COMPILATION_CONDITIONS = DEBUG;
				SWIFT_OPTIMIZATION_LEVEL = "-Onone";
			};
			name = Debug;
		};
		8C104D2C24B4805300C04DA2 /* Release */ = {
			isa = XCBuildConfiguration;
			buildSettings = {
				ALWAYS_SEARCH_USER_PATHS = NO;
				CLANG_ANALYZER_NONNULL = YES;
				CLANG_ANALYZER_NUMBER_OBJECT_CONVERSION = YES_AGGRESSIVE;
				CLANG_CXX_LANGUAGE_STANDARD = "gnu++14";
				CLANG_CXX_LIBRARY = "libc++";
				CLANG_ENABLE_MODULES = YES;
				CLANG_ENABLE_OBJC_ARC = YES;
				CLANG_ENABLE_OBJC_WEAK = YES;
				CLANG_WARN_BLOCK_CAPTURE_AUTORELEASING = YES;
				CLANG_WARN_BOOL_CONVERSION = YES;
				CLANG_WARN_COMMA = YES;
				CLANG_WARN_CONSTANT_CONVERSION = YES;
				CLANG_WARN_DEPRECATED_OBJC_IMPLEMENTATIONS = YES;
				CLANG_WARN_DIRECT_OBJC_ISA_USAGE = YES_ERROR;
				CLANG_WARN_DOCUMENTATION_COMMENTS = YES;
				CLANG_WARN_EMPTY_BODY = YES;
				CLANG_WARN_ENUM_CONVERSION = YES;
				CLANG_WARN_INFINITE_RECURSION = YES;
				CLANG_WARN_INT_CONVERSION = YES;
				CLANG_WARN_NON_LITERAL_NULL_CONVERSION = YES;
				CLANG_WARN_OBJC_IMPLICIT_RETAIN_SELF = YES;
				CLANG_WARN_OBJC_LITERAL_CONVERSION = YES;
				CLANG_WARN_OBJC_ROOT_CLASS = YES_ERROR;
				CLANG_WARN_RANGE_LOOP_ANALYSIS = YES;
				CLANG_WARN_STRICT_PROTOTYPES = YES;
				CLANG_WARN_SUSPICIOUS_MOVE = YES;
				CLANG_WARN_UNGUARDED_AVAILABILITY = YES_AGGRESSIVE;
				CLANG_WARN_UNREACHABLE_CODE = YES;
				CLANG_WARN__DUPLICATE_METHOD_MATCH = YES;
				COPY_PHASE_STRIP = NO;
				DEBUG_INFORMATION_FORMAT = "dwarf-with-dsym";
				ENABLE_NS_ASSERTIONS = NO;
				ENABLE_STRICT_OBJC_MSGSEND = YES;
				GCC_C_LANGUAGE_STANDARD = gnu11;
				GCC_NO_COMMON_BLOCKS = YES;
				GCC_WARN_64_TO_32_BIT_CONVERSION = YES;
				GCC_WARN_ABOUT_RETURN_TYPE = YES_ERROR;
				GCC_WARN_UNDECLARED_SELECTOR = YES;
				GCC_WARN_UNINITIALIZED_AUTOS = YES_AGGRESSIVE;
				GCC_WARN_UNUSED_FUNCTION = YES;
				GCC_WARN_UNUSED_VARIABLE = YES;
				IPHONEOS_DEPLOYMENT_TARGET = 13.5;
				MTL_ENABLE_DEBUG_INFO = NO;
				MTL_FAST_MATH = YES;
				SDKROOT = iphoneos;
				SWIFT_COMPILATION_MODE = wholemodule;
				SWIFT_OPTIMIZATION_LEVEL = "-O";
				VALIDATE_PRODUCT = YES;
			};
			name = Release;
		};
		8C104D2E24B4805300C04DA2 /* Debug */ = {
			isa = XCBuildConfiguration;
			buildSettings = {
				ASSETCATALOG_COMPILER_APPICON_NAME = AppIcon;
				CODE_SIGN_STYLE = Automatic;
				DEVELOPMENT_TEAM = 3B3TL398Z3;
				INFOPLIST_FILE = OCR/Info.plist;
				IPHONEOS_DEPLOYMENT_TARGET = 13.2;
				LD_RUNPATH_SEARCH_PATHS = (
					"$(inherited)",
					"@executable_path/Frameworks",
				);
				PRODUCT_BUNDLE_IDENTIFIER = my.id.audhy.OCR;
				PRODUCT_NAME = "$(TARGET_NAME)";
				SWIFT_VERSION = 5.0;
				TARGETED_DEVICE_FAMILY = "1,2";
			};
			name = Debug;
		};
		8C104D2F24B4805300C04DA2 /* Release */ = {
			isa = XCBuildConfiguration;
			buildSettings = {
				ASSETCATALOG_COMPILER_APPICON_NAME = AppIcon;
				CODE_SIGN_STYLE = Automatic;
				DEVELOPMENT_TEAM = 3B3TL398Z3;
				INFOPLIST_FILE = OCR/Info.plist;
				IPHONEOS_DEPLOYMENT_TARGET = 13.2;
				LD_RUNPATH_SEARCH_PATHS = (
					"$(inherited)",
					"@executable_path/Frameworks",
				);
				PRODUCT_BUNDLE_IDENTIFIER = my.id.audhy.OCR;
				PRODUCT_NAME = "$(TARGET_NAME)";
				SWIFT_VERSION = 5.0;
				TARGETED_DEVICE_FAMILY = "1,2";
			};
			name = Release;
		};
/* End XCBuildConfiguration section */

/* Begin XCConfigurationList section */
		8C104D1124B4805100C04DA2 /* Build configuration list for PBXProject "OCR" */ = {
			isa = XCConfigurationList;
			buildConfigurations = (
				8C104D2B24B4805300C04DA2 /* Debug */,
				8C104D2C24B4805300C04DA2 /* Release */,
			);
			defaultConfigurationIsVisible = 0;
			defaultConfigurationName = Release;
		};
		8C104D2D24B4805300C04DA2 /* Build configuration list for PBXNativeTarget "OCR" */ = {
			isa = XCConfigurationList;
			buildConfigurations = (
				8C104D2E24B4805300C04DA2 /* Debug */,
				8C104D2F24B4805300C04DA2 /* Release */,
			);
			defaultConfigurationIsVisible = 0;
			defaultConfigurationName = Release;
		};
/* End XCConfigurationList section */

/* Begin XCVersionGroup section */
		8C104D2224B4805100C04DA2 /* OCR.xcdatamodeld */ = {
			isa = XCVersionGroup;
			children = (
				8C104D2324B4805100C04DA2 /* OCR.xcdatamodel */,
			);
			currentVersion = 8C104D2324B4805100C04DA2 /* OCR.xcdatamodel */;
			path = OCR.xcdatamodeld;
			sourceTree = "<group>";
			versionGroupType = wrapper.xcdatamodel;
		};
/* End XCVersionGroup section */
	};
	rootObject = 8C104D0E24B4805100C04DA2 /* Project object */;
}
